
Microsoft Visual Studio Solution File, Format Version 12.00
# Visual Studio Version 17
VisualStudioVersion = 17.5.002.0
MinimumVisualStudioVersion = 10.0.40219.1
Project("{9A19103F-16F7-4668-BE54-9A1E7A4F7556}") = "LibararyApplication", "LibararyApplication.csproj", "{DB5EE1DE-4012-4D74-B0CA-0BAE10465652}"
EndProject
Global
	GlobalSection(SolutionConfigurationPlatforms) = preSolution
		Debug|Any CPU = Debug|Any CPU
		Release|Any CPU = Release|Any CPU
	EndGlobalSection
	GlobalSection(ProjectConfigurationPlatforms) = postSolution
		{DB5EE1DE-4012-4D74-B0CA-0BAE10465652}.Debug|Any CPU.ActiveCfg = Debug|Any CPU
		{DB5EE1DE-4012-4D74-B0CA-0BAE10465652}.Debug|Any CPU.Build.0 = Debug|Any CPU
		{DB5EE1DE-4012-4D74-B0CA-0BAE10465652}.Release|Any CPU.ActiveCfg = Release|Any CPU
		{DB5EE1DE-4012-4D74-B0CA-0BAE10465652}.Release|Any CPU.Build.0 = Release|Any CPU
	EndGlobalSection
	GlobalSection(SolutionProperties) = preSolution
		HideSolutionNode = FALSE
	EndGlobalSection
	GlobalSection(ExtensibilityGlobals) = postSolution
		SolutionGuid = {B4B8A99E-5CBC-4579-AE47-476DE441C990}
	EndGlobalSection
EndGlobal
